
Microsoft Visual Studio Solution File, Format Version 12.00
# Visual Studio 15
VisualStudioVersion = 15.0.27130.2027
MinimumVisualStudioVersion = 10.0.40219.1
Project("{FAE04EC0-301F-11D3-BF4B-00C04F79EFBC}") = "RUTimetable", "RUTimetable\RUTimetable\RUTimetable.csproj", "{D9CCF690-2E4A-4BFC-911A-BB1062B3A2BA}"
EndProject
Project("{FAE04EC0-301F-11D3-BF4B-00C04F79EFBC}") = "RUTimetable.Droid", "RUTimetable\RUTimetable.Droid\RUTimetable.Droid.csproj", "{5E910819-CEAB-49B8-A6C1-7CCC2890E6CB}"
EndProject
Project("{FAE04EC0-301F-11D3-BF4B-00C04F79EFBC}") = "RUTimetable.iOS", "RUTimetable\RUTimetable.iOS\RUTimetable.iOS.csproj", "{10ABA7F3-9B2D-4B61-BCB3-51F9C90A1A54}"
EndProject
Project("{FAE04EC0-301F-11D3-BF4B-00C04F79EFBC}") = "NewFeatureTestApp.Android", "NewFeatureTestApp\NewFeatureTestApp.Android\NewFeatureTestApp.Android.csproj", "{6DE5492E-ED1E-44C7-99C5-27254AD544A5}"
EndProject
Project("{FAE04EC0-301F-11D3-BF4B-00C04F79EFBC}") = "NewFeatureTestApp.iOS", "NewFeatureTestApp\NewFeatureTestApp.iOS\NewFeatureTestApp.iOS.csproj", "{4B7331F5-D952-4C04-A8A2-8F05F0E483E7}"
EndProject
Project("{FAE04EC0-301F-11D3-BF4B-00C04F79EFBC}") = "NewFeatureTestApp", "NewFeatureTestApp\NewFeatureTestApp\NewFeatureTestApp.csproj", "{56BB818E-A6A1-4607-8B54-2EF3FA78F3EF}"
EndProject
Global
	GlobalSection(SolutionConfigurationPlatforms) = preSolution
		Ad-Hoc|Any CPU = Ad-Hoc|Any CPU
		Ad-Hoc|iPhone = Ad-Hoc|iPhone
		Ad-Hoc|iPhoneSimulator = Ad-Hoc|iPhoneSimulator
		AppStore|Any CPU = AppStore|Any CPU
		AppStore|iPhone = AppStore|iPhone
		AppStore|iPhoneSimulator = AppStore|iPhoneSimulator
		Debug|Any CPU = Debug|Any CPU
		Debug|iPhone = Debug|iPhone
		Debug|iPhoneSimulator = Debug|iPhoneSimulator
		Release|Any CPU = Release|Any CPU
		Release|iPhone = Release|iPhone
		Release|iPhoneSimulator = Release|iPhoneSimulator
	EndGlobalSection
	GlobalSection(ProjectConfigurationPlatforms) = postSolution
		{D9CCF690-2E4A-4BFC-911A-BB1062B3A2BA}.Ad-Hoc|Any CPU.ActiveCfg = Release|Any CPU
		{D9CCF690-2E4A-4BFC-911A-BB1062B3A2BA}.Ad-Hoc|Any CPU.Build.0 = Release|Any CPU
		{D9CCF690-2E4A-4BFC-911A-BB1062B3A2BA}.Ad-Hoc|iPhone.ActiveCfg = Release|Any CPU
		{D9CCF690-2E4A-4BFC-911A-BB1062B3A2BA}.Ad-Hoc|iPhone.Build.0 = Release|Any CPU
		{D9CCF690-2E4A-4BFC-911A-BB1062B3A2BA}.Ad-Hoc|iPhoneSimulator.ActiveCfg = Release|Any CPU
		{D9CCF690-2E4A-4BFC-911A-BB1062B3A2BA}.Ad-Hoc|iPhoneSimulator.Build.0 = Release|Any CPU
		{D9CCF690-2E4A-4BFC-911A-BB1062B3A2BA}.AppStore|Any CPU.ActiveCfg = Release|Any CPU
		{D9CCF690-2E4A-4BFC-911A-BB1062B3A2BA}.AppStore|Any CPU.Build.0 = Release|Any CPU
		{D9CCF690-2E4A-4BFC-911A-BB1062B3A2BA}.AppStore|iPhone.ActiveCfg = Release|Any CPU
		{D9CCF690-2E4A-4BFC-911A-BB1062B3A2BA}.AppStore|iPhone.Build.0 = Release|Any CPU
		{D9CCF690-2E4A-4BFC-911A-BB1062B3A2BA}.AppStore|iPhoneSimulator.ActiveCfg = Release|Any CPU
		{D9CCF690-2E4A-4BFC-911A-BB1062B3A2BA}.AppStore|iPhoneSimulator.Build.0 = Release|Any CPU
		{D9CCF690-2E4A-4BFC-911A-BB1062B3A2BA}.Debug|Any CPU.ActiveCfg = Debug|Any CPU
		{D9CCF690-2E4A-4BFC-911A-BB1062B3A2BA}.Debug|Any CPU.Build.0 = Debug|Any CPU
		{D9CCF690-2E4A-4BFC-911A-BB1062B3A2BA}.Debug|iPhone.ActiveCfg = Debug|Any CPU
		{D9CCF690-2E4A-4BFC-911A-BB1062B3A2BA}.Debug|iPhone.Build.0 = Debug|Any CPU
		{D9CCF690-2E4A-4BFC-911A-BB1062B3A2BA}.Debug|iPhoneSimulator.ActiveCfg = Debug|Any CPU
		{D9CCF690-2E4A-4BFC-911A-BB1062B3A2BA}.Debug|iPhoneSimulator.Build.0 = Debug|Any CPU
		{D9CCF690-2E4A-4BFC-911A-BB1062B3A2BA}.Release|Any CPU.ActiveCfg = Release|Any CPU
		{D9CCF690-2E4A-4BFC-911A-BB1062B3A2BA}.Release|Any CPU.Build.0 = Release|Any CPU
		{D9CCF690-2E4A-4BFC-911A-BB1062B3A2BA}.Release|iPhone.ActiveCfg = Release|Any CPU
		{D9CCF690-2E4A-4BFC-911A-BB1062B3A2BA}.Release|iPhone.Build.0 = Release|Any CPU
		{D9CCF690-2E4A-4BFC-911A-BB1062B3A2BA}.Release|iPhoneSimulator.ActiveCfg = Release|Any CPU
		{D9CCF690-2E4A-4BFC-911A-BB1062B3A2BA}.Release|iPhoneSimulator.Build.0 = Release|Any CPU
		{5E910819-CEAB-49B8-A6C1-7CCC2890E6CB}.Ad-Hoc|Any CPU.ActiveCfg = Release|Any CPU
		{5E910819-CEAB-49B8-A6C1-7CCC2890E6CB}.Ad-Hoc|Any CPU.Build.0 = Release|Any CPU
		{5E910819-CEAB-49B8-A6C1-7CCC2890E6CB}.Ad-Hoc|Any CPU.Deploy.0 = Release|Any CPU
		{5E910819-CEAB-49B8-A6C1-7CCC2890E6CB}.Ad-Hoc|iPhone.ActiveCfg = Release|Any CPU
		{5E910819-CEAB-49B8-A6C1-7CCC2890E6CB}.Ad-Hoc|iPhone.Build.0 = Release|Any CPU
		{5E910819-CEAB-49B8-A6C1-7CCC2890E6CB}.Ad-Hoc|iPhone.Deploy.0 = Release|Any CPU
		{5E910819-CEAB-49B8-A6C1-7CCC2890E6CB}.Ad-Hoc|iPhoneSimulator.ActiveCfg = Release|Any CPU
		{5E910819-CEAB-49B8-A6C1-7CCC2890E6CB}.Ad-Hoc|iPhoneSimulator.Build.0 = Release|Any CPU
		{5E910819-CEAB-49B8-A6C1-7CCC2890E6CB}.Ad-Hoc|iPhoneSimulator.Deploy.0 = Release|Any CPU
		{5E910819-CEAB-49B8-A6C1-7CCC2890E6CB}.AppStore|Any CPU.ActiveCfg = Release|Any CPU
		{5E910819-CEAB-49B8-A6C1-7CCC2890E6CB}.AppStore|Any CPU.Build.0 = Release|Any CPU
		{5E910819-CEAB-49B8-A6C1-7CCC2890E6CB}.AppStore|Any CPU.Deploy.0 = Release|Any CPU
		{5E910819-CEAB-49B8-A6C1-7CCC2890E6CB}.AppStore|iPhone.ActiveCfg = Release|Any CPU
		{5E910819-CEAB-49B8-A6C1-7CCC2890E6CB}.AppStore|iPhone.Build.0 = Release|Any CPU
		{5E910819-CEAB-49B8-A6C1-7CCC2890E6CB}.AppStore|iPhone.Deploy.0 = Release|Any CPU
		{5E910819-CEAB-49B8-A6C1-7CCC2890E6CB}.AppStore|iPhoneSimulator.ActiveCfg = Release|Any CPU
		{5E910819-CEAB-49B8-A6C1-7CCC2890E6CB}.AppStore|iPhoneSimulator.Build.0 = Release|Any CPU
		{5E910819-CEAB-49B8-A6C1-7CCC2890E6CB}.AppStore|iPhoneSimulator.Deploy.0 = Release|Any CPU
		{5E910819-CEAB-49B8-A6C1-7CCC2890E6CB}.Debug|Any CPU.ActiveCfg = Debug|Any CPU
		{5E910819-CEAB-49B8-A6C1-7CCC2890E6CB}.Debug|Any CPU.Build.0 = Debug|Any CPU
		{5E910819-CEAB-49B8-A6C1-7CCC2890E6CB}.Debug|Any CPU.Deploy.0 = Debug|Any CPU
		{5E910819-CEAB-49B8-A6C1-7CCC2890E6CB}.Debug|iPhone.ActiveCfg = Debug|Any CPU
		{5E910819-CEAB-49B8-A6C1-7CCC2890E6CB}.Debug|iPhone.Build.0 = Debug|Any CPU
		{5E910819-CEAB-49B8-A6C1-7CCC2890E6CB}.Debug|iPhone.Deploy.0 = Debug|Any CPU
		{5E910819-CEAB-49B8-A6C1-7CCC2890E6CB}.Debug|iPhoneSimulator.ActiveCfg = Debug|Any CPU
		{5E910819-CEAB-49B8-A6C1-7CCC2890E6CB}.Debug|iPhoneSimulator.Build.0 = Debug|Any CPU
		{5E910819-CEAB-49B8-A6C1-7CCC2890E6CB}.Debug|iPhoneSimulator.Deploy.0 = Debug|Any CPU
		{5E910819-CEAB-49B8-A6C1-7CCC2890E6CB}.Release|Any CPU.ActiveCfg = Release|Any CPU
		{5E910819-CEAB-49B8-A6C1-7CCC2890E6CB}.Release|Any CPU.Build.0 = Release|Any CPU
		{5E910819-CEAB-49B8-A6C1-7CCC2890E6CB}.Release|Any CPU.Deploy.0 = Release|Any CPU
		{5E910819-CEAB-49B8-A6C1-7CCC2890E6CB}.Release|iPhone.ActiveCfg = Release|Any CPU
		{5E910819-CEAB-49B8-A6C1-7CCC2890E6CB}.Release|iPhone.Build.0 = Release|Any CPU
		{5E910819-CEAB-49B8-A6C1-7CCC2890E6CB}.Release|iPhone.Deploy.0 = Release|Any CPU
		{5E910819-CEAB-49B8-A6C1-7CCC2890E6CB}.Release|iPhoneSimulator.ActiveCfg = Release|Any CPU
		{5E910819-CEAB-49B8-A6C1-7CCC2890E6CB}.Release|iPhoneSimulator.Build.0 = Release|Any CPU
		{5E910819-CEAB-49B8-A6C1-7CCC2890E6CB}.Release|iPhoneSimulator.Deploy.0 = Release|Any CPU
		{10ABA7F3-9B2D-4B61-BCB3-51F9C90A1A54}.Ad-Hoc|Any CPU.ActiveCfg = Ad-Hoc|iPhone
		{10ABA7F3-9B2D-4B61-BCB3-51F9C90A1A54}.Ad-Hoc|iPhone.ActiveCfg = Ad-Hoc|iPhone
		{10ABA7F3-9B2D-4B61-BCB3-51F9C90A1A54}.Ad-Hoc|iPhone.Build.0 = Ad-Hoc|iPhone
		{10ABA7F3-9B2D-4B61-BCB3-51F9C90A1A54}.Ad-Hoc|iPhoneSimulator.ActiveCfg = Ad-Hoc|iPhoneSimulator
		{10ABA7F3-9B2D-4B61-BCB3-51F9C90A1A54}.Ad-Hoc|iPhoneSimulator.Build.0 = Ad-Hoc|iPhoneSimulator
		{10ABA7F3-9B2D-4B61-BCB3-51F9C90A1A54}.AppStore|Any CPU.ActiveCfg = AppStore|iPhone
		{10ABA7F3-9B2D-4B61-BCB3-51F9C90A1A54}.AppStore|iPhone.ActiveCfg = AppStore|iPhone
		{10ABA7F3-9B2D-4B61-BCB3-51F9C90A1A54}.AppStore|iPhone.Build.0 = AppStore|iPhone
		{10ABA7F3-9B2D-4B61-BCB3-51F9C90A1A54}.AppStore|iPhoneSimulator.ActiveCfg = AppStore|iPhoneSimulator
		{10ABA7F3-9B2D-4B61-BCB3-51F9C90A1A54}.AppStore|iPhoneSimulator.Build.0 = AppStore|iPhoneSimulator
		{10ABA7F3-9B2D-4B61-BCB3-51F9C90A1A54}.Debug|Any CPU.ActiveCfg = Debug|iPhone
		{10ABA7F3-9B2D-4B61-BCB3-51F9C90A1A54}.Debug|iPhone.ActiveCfg = Debug|iPhone
		{10ABA7F3-9B2D-4B61-BCB3-51F9C90A1A54}.Debug|iPhone.Build.0 = Debug|iPhone
		{10ABA7F3-9B2D-4B61-BCB3-51F9C90A1A54}.Debug|iPhoneSimulator.ActiveCfg = Debug|iPhoneSimulator
		{10ABA7F3-9B2D-4B61-BCB3-51F9C90A1A54}.Debug|iPhoneSimulator.Build.0 = Debug|iPhoneSimulator
		{10ABA7F3-9B2D-4B61-BCB3-51F9C90A1A54}.Release|Any CPU.ActiveCfg = Release|iPhone
		{10ABA7F3-9B2D-4B61-BCB3-51F9C90A1A54}.Release|iPhone.ActiveCfg = Release|iPhone
		{10ABA7F3-9B2D-4B61-BCB3-51F9C90A1A54}.Release|iPhone.Build.0 = Release|iPhone
		{10ABA7F3-9B2D-4B61-BCB3-51F9C90A1A54}.Release|iPhoneSimulator.ActiveCfg = Release|iPhoneSimulator
		{10ABA7F3-9B2D-4B61-BCB3-51F9C90A1A54}.Release|iPhoneSimulator.Build.0 = Release|iPhoneSimulator
		{6DE5492E-ED1E-44C7-99C5-27254AD544A5}.Ad-Hoc|Any CPU.ActiveCfg = Release|Any CPU
		{6DE5492E-ED1E-44C7-99C5-27254AD544A5}.Ad-Hoc|Any CPU.Build.0 = Release|Any CPU
		{6DE5492E-ED1E-44C7-99C5-27254AD544A5}.Ad-Hoc|Any CPU.Deploy.0 = Release|Any CPU
		{6DE5492E-ED1E-44C7-99C5-27254AD544A5}.Ad-Hoc|iPhone.ActiveCfg = Release|Any CPU
		{6DE5492E-ED1E-44C7-99C5-27254AD544A5}.Ad-Hoc|iPhone.Build.0 = Release|Any CPU
		{6DE5492E-ED1E-44C7-99C5-27254AD544A5}.Ad-Hoc|iPhone.Deploy.0 = Release|Any CPU
		{6DE5492E-ED1E-44C7-99C5-27254AD544A5}.Ad-Hoc|iPhoneSimulator.ActiveCfg = Release|Any CPU
		{6DE5492E-ED1E-44C7-99C5-27254AD544A5}.Ad-Hoc|iPhoneSimulator.Build.0 = Release|Any CPU
		{6DE5492E-ED1E-44C7-99C5-27254AD544A5}.Ad-Hoc|iPhoneSimulator.Deploy.0 = Release|Any CPU
		{6DE5492E-ED1E-44C7-99C5-27254AD544A5}.AppStore|Any CPU.ActiveCfg = Release|Any CPU
		{6DE5492E-ED1E-44C7-99C5-27254AD544A5}.AppStore|Any CPU.Build.0 = Release|Any CPU
		{6DE5492E-ED1E-44C7-99C5-27254AD544A5}.AppStore|Any CPU.Deploy.0 = Release|Any CPU
		{6DE5492E-ED1E-44C7-99C5-27254AD544A5}.AppStore|iPhone.ActiveCfg = Release|Any CPU
		{6DE5492E-ED1E-44C7-99C5-27254AD544A5}.AppStore|iPhone.Build.0 = Release|Any CPU
		{6DE5492E-ED1E-44C7-99C5-27254AD544A5}.AppStore|iPhone.Deploy.0 = Release|Any CPU
		{6DE5492E-ED1E-44C7-99C5-27254AD544A5}.AppStore|iPhoneSimulator.ActiveCfg = Release|Any CPU
		{6DE5492E-ED1E-44C7-99C5-27254AD544A5}.AppStore|iPhoneSimulator.Build.0 = Release|Any CPU
		{6DE5492E-ED1E-44C7-99C5-27254AD544A5}.AppStore|iPhoneSimulator.Deploy.0 = Release|Any CPU
		{6DE5492E-ED1E-44C7-99C5-27254AD544A5}.Debug|Any CPU.ActiveCfg = Debug|Any CPU
		{6DE5492E-ED1E-44C7-99C5-27254AD544A5}.Debug|Any CPU.Build.0 = Debug|Any CPU
		{6DE5492E-ED1E-44C7-99C5-27254AD544A5}.Debug|Any CPU.Deploy.0 = Debug|Any CPU
		{6DE5492E-ED1E-44C7-99C5-27254AD544A5}.Debug|iPhone.ActiveCfg = Debug|Any CPU
		{6DE5492E-ED1E-44C7-99C5-27254AD544A5}.Debug|iPhone.Build.0 = Debug|Any CPU
		{6DE5492E-ED1E-44C7-99C5-27254AD544A5}.Debug|iPhone.Deploy.0 = Debug|Any CPU
		{6DE5492E-ED1E-44C7-99C5-27254AD544A5}.Debug|iPhoneSimulator.ActiveCfg = Debug|Any CPU
		{6DE5492E-ED1E-44C7-99C5-27254AD544A5}.Debug|iPhoneSimulator.Build.0 = Debug|Any CPU
		{6DE5492E-ED1E-44C7-99C5-27254AD544A5}.Debug|iPhoneSimulator.Deploy.0 = Debug|Any CPU
		{6DE5492E-ED1E-44C7-99C5-27254AD544A5}.Release|Any CPU.ActiveCfg = Release|Any CPU
		{6DE5492E-ED1E-44C7-99C5-27254AD544A5}.Release|Any CPU.Build.0 = Release|Any CPU
		{6DE5492E-ED1E-44C7-99C5-27254AD544A5}.Release|Any CPU.Deploy.0 = Release|Any CPU
		{6DE5492E-ED1E-44C7-99C5-27254AD544A5}.Release|iPhone.ActiveCfg = Release|Any CPU
		{6DE5492E-ED1E-44C7-99C5-27254AD544A5}.Release|iPhone.Build.0 = Release|Any CPU
		{6DE5492E-ED1E-44C7-99C5-27254AD544A5}.Release|iPhone.Deploy.0 = Release|Any CPU
		{6DE5492E-ED1E-44C7-99C5-27254AD544A5}.Release|iPhoneSimulator.ActiveCfg = Release|Any CPU
		{6DE5492E-ED1E-44C7-99C5-27254AD544A5}.Release|iPhoneSimulator.Build.0 = Release|Any CPU
		{6DE5492E-ED1E-44C7-99C5-27254AD544A5}.Release|iPhoneSimulator.Deploy.0 = Release|Any CPU
		{4B7331F5-D952-4C04-A8A2-8F05F0E483E7}.Ad-Hoc|Any CPU.ActiveCfg = Ad-Hoc|iPhone
		{4B7331F5-D952-4C04-A8A2-8F05F0E483E7}.Ad-Hoc|iPhone.ActiveCfg = Ad-Hoc|iPhone
		{4B7331F5-D952-4C04-A8A2-8F05F0E483E7}.Ad-Hoc|iPhone.Build.0 = Ad-Hoc|iPhone
		{4B7331F5-D952-4C04-A8A2-8F05F0E483E7}.Ad-Hoc|iPhoneSimulator.ActiveCfg = Ad-Hoc|iPhoneSimulator
		{4B7331F5-D952-4C04-A8A2-8F05F0E483E7}.Ad-Hoc|iPhoneSimulator.Build.0 = Ad-Hoc|iPhoneSimulator
		{4B7331F5-D952-4C04-A8A2-8F05F0E483E7}.AppStore|Any CPU.ActiveCfg = AppStore|iPhone
		{4B7331F5-D952-4C04-A8A2-8F05F0E483E7}.AppStore|iPhone.ActiveCfg = AppStore|iPhone
		{4B7331F5-D952-4C04-A8A2-8F05F0E483E7}.AppStore|iPhone.Build.0 = AppStore|iPhone
		{4B7331F5-D952-4C04-A8A2-8F05F0E483E7}.AppStore|iPhoneSimulator.ActiveCfg = AppStore|iPhoneSimulator
		{4B7331F5-D952-4C04-A8A2-8F05F0E483E7}.AppStore|iPhoneSimulator.Build.0 = AppStore|iPhoneSimulator
		{4B7331F5-D952-4C04-A8A2-8F05F0E483E7}.Debug|Any CPU.ActiveCfg = Debug|iPhone
		{4B7331F5-D952-4C04-A8A2-8F05F0E483E7}.Debug|iPhone.ActiveCfg = Debug|iPhone
		{4B7331F5-D952-4C04-A8A2-8F05F0E483E7}.Debug|iPhone.Build.0 = Debug|iPhone
		{4B7331F5-D952-4C04-A8A2-8F05F0E483E7}.Debug|iPhoneSimulator.ActiveCfg = Debug|iPhoneSimulator
		{4B7331F5-D952-4C04-A8A2-8F05F0E483E7}.Debug|iPhoneSimulator.Build.0 = Debug|iPhoneSimulator
		{4B7331F5-D952-4C04-A8A2-8F05F0E483E7}.Release|Any CPU.ActiveCfg = Release|iPhone
		{4B7331F5-D952-4C04-A8A2-8F05F0E483E7}.Release|iPhone.ActiveCfg = Release|iPhone
		{4B7331F5-D952-4C04-A8A2-8F05F0E483E7}.Release|iPhone.Build.0 = Release|iPhone
		{4B7331F5-D952-4C04-A8A2-8F05F0E483E7}.Release|iPhoneSimulator.ActiveCfg = Release|iPhoneSimulator
		{4B7331F5-D952-4C04-A8A2-8F05F0E483E7}.Release|iPhoneSimulator.Build.0 = Release|iPhoneSimulator
		{56BB818E-A6A1-4607-8B54-2EF3FA78F3EF}.Ad-Hoc|Any CPU.ActiveCfg = Debug|Any CPU
		{56BB818E-A6A1-4607-8B54-2EF3FA78F3EF}.Ad-Hoc|Any CPU.Build.0 = Debug|Any CPU
		{56BB818E-A6A1-4607-8B54-2EF3FA78F3EF}.Ad-Hoc|iPhone.ActiveCfg = Debug|Any CPU
		{56BB818E-A6A1-4607-8B54-2EF3FA78F3EF}.Ad-Hoc|iPhone.Build.0 = Debug|Any CPU
		{56BB818E-A6A1-4607-8B54-2EF3FA78F3EF}.Ad-Hoc|iPhoneSimulator.ActiveCfg = Debug|Any CPU
		{56BB818E-A6A1-4607-8B54-2EF3FA78F3EF}.Ad-Hoc|iPhoneSimulator.Build.0 = Debug|Any CPU
		{56BB818E-A6A1-4607-8B54-2EF3FA78F3EF}.AppStore|Any CPU.ActiveCfg = Debug|Any CPU
		{56BB818E-A6A1-4607-8B54-2EF3FA78F3EF}.AppStore|Any CPU.Build.0 = Debug|Any CPU
		{56BB818E-A6A1-4607-8B54-2EF3FA78F3EF}.AppStore|iPhone.ActiveCfg = Debug|Any CPU
		{56BB818E-A6A1-4607-8B54-2EF3FA78F3EF}.AppStore|iPhone.Build.0 = Debug|Any CPU
		{56BB818E-A6A1-4607-8B54-2EF3FA78F3EF}.AppStore|iPhoneSimulator.ActiveCfg = Debug|Any CPU
		{56BB818E-A6A1-4607-8B54-2EF3FA78F3EF}.AppStore|iPhoneSimulator.Build.0 = Debug|Any CPU
		{56BB818E-A6A1-4607-8B54-2EF3FA78F3EF}.Debug|Any CPU.ActiveCfg = Debug|Any CPU
		{56BB818E-A6A1-4607-8B54-2EF3FA78F3EF}.Debug|Any CPU.Build.0 = Debug|Any CPU
		{56BB818E-A6A1-4607-8B54-2EF3FA78F3EF}.Debug|iPhone.ActiveCfg = Debug|Any CPU
		{56BB818E-A6A1-4607-8B54-2EF3FA78F3EF}.Debug|iPhone.Build.0 = Debug|Any CPU
		{56BB818E-A6A1-4607-8B54-2EF3FA78F3EF}.Debug|iPhoneSimulator.ActiveCfg = Debug|Any CPU
		{56BB818E-A6A1-4607-8B54-2EF3FA78F3EF}.Debug|iPhoneSimulator.Build.0 = Debug|Any CPU
		{56BB818E-A6A1-4607-8B54-2EF3FA78F3EF}.Release|Any CPU.ActiveCfg = Release|Any CPU
		{56BB818E-A6A1-4607-8B54-2EF3FA78F3EF}.Release|Any CPU.Build.0 = Release|Any CPU
		{56BB818E-A6A1-4607-8B54-2EF3FA78F3EF}.Release|iPhone.ActiveCfg = Release|Any CPU
		{56BB818E-A6A1-4607-8B54-2EF3FA78F3EF}.Release|iPhone.Build.0 = Release|Any CPU
		{56BB818E-A6A1-4607-8B54-2EF3FA78F3EF}.Release|iPhoneSimulator.ActiveCfg = Release|Any CPU
		{56BB818E-A6A1-4607-8B54-2EF3FA78F3EF}.Release|iPhoneSimulator.Build.0 = Release|Any CPU
	EndGlobalSection
	GlobalSection(SolutionProperties) = preSolution
		HideSolutionNode = FALSE
	EndGlobalSection
	GlobalSection(ExtensibilityGlobals) = postSolution
		SolutionGuid = {26CF0FDC-23CB-458A-AAAB-070B2F1B4CFB}
	EndGlobalSection
EndGlobal
